// !$*UTF8*$!
{
	archiveVersion = 1;
	classes = {
	};
	objectVersion = 51;
	objects = {

/* Begin PBXBuildFile section */
		5E47D006246BA2170042748F /* AppDelegate.swift in Sources */ = {isa = PBXBuildFile; fileRef = 5E47D005246BA2170042748F /* AppDelegate.swift */; };
		5E47D008246BA2170042748F /* SceneDelegate.swift in Sources */ = {isa = PBXBuildFile; fileRef = 5E47D007246BA2170042748F /* SceneDelegate.swift */; };
		5E47D00A246BA2170042748F /* ViewController.swift in Sources */ = {isa = PBXBuildFile; fileRef = 5E47D009246BA2170042748F /* ViewController.swift */; };
		5E47D00D246BA2170042748F /* Main.storyboard in Resources */ = {isa = PBXBuildFile; fileRef = 5E47D00B246BA2170042748F /* Main.storyboard */; };
		5E47D00F246BA21C0042748F /* Assets.xcassets in Resources */ = {isa = PBXBuildFile; fileRef = 5E47D00E246BA21C0042748F /* Assets.xcassets */; };
		5E47D012246BA21C0042748F /* LaunchScreen.storyboard in Resources */ = {isa = PBXBuildFile; fileRef = 5E47D010246BA21C0042748F /* LaunchScreen.storyboard */; };
		5E47D01C246BBC4D0042748F /* TableViewController.swift in Sources */ = {isa = PBXBuildFile; fileRef = 5E47D01B246BBC4D0042748F /* TableViewController.swift */; };
		5EA13C51246BE7E9007D26D2 /* CCTableViewController.m in Sources */ = {isa = PBXBuildFile; fileRef = 5EA13C50246BE7E9007D26D2 /* CCTableViewController.m */; };
		5EA13C53246BF2FF007D26D2 /* PlatformRouterImp.swift in Sources */ = {isa = PBXBuildFile; fileRef = 5EA13C52246BF2FF007D26D2 /* PlatformRouterImp.swift */; };
		6E6A830ACB1C5AA609056002 /* Pods_FlutterMixed.framework in Frameworks */ = {isa = PBXBuildFile; fileRef = 2F0935E8452CBA08A546E999 /* Pods_FlutterMixed.framework */; };
/* End PBXBuildFile section */

/* Begin PBXFileReference section */
		2E1C7BDFDF996E89D74B9E79 /* Pods-FlutterMixed.debug.xcconfig */ = {isa = PBXFileReference; includeInIndex = 1; lastKnownFileType = text.xcconfig; name = "Pods-FlutterMixed.debug.xcconfig"; path = "Target Support Files/Pods-FlutterMixed/Pods-FlutterMixed.debug.xcconfig"; sourceTree = "<group>"; };
		2F0935E8452CBA08A546E999 /* Pods_FlutterMixed.framework */ = {isa = PBXFileReference; explicitFileType = wrapper.framework; includeInIndex = 0; path = Pods_FlutterMixed.framework; sourceTree = BUILT_PRODUCTS_DIR; };
		5E47D002246BA2170042748F /* FlutterMixed.app */ = {isa = PBXFileReference; explicitFileType = wrapper.application; includeInIndex = 0; path = FlutterMixed.app; sourceTree = BUILT_PRODUCTS_DIR; };
		5E47D005246BA2170042748F /* AppDelegate.swift */ = {isa = PBXFileReference; lastKnownFileType = sourcecode.swift; path = AppDelegate.swift; sourceTree = "<group>"; };
		5E47D007246BA2170042748F /* SceneDelegate.swift */ = {isa = PBXFileReference; lastKnownFileType = sourcecode.swift; path = SceneDelegate.swift; sourceTree = "<group>"; };
		5E47D009246BA2170042748F /* ViewController.swift */ = {isa = PBXFileReference; lastKnownFileType = sourcecode.swift; path = ViewController.swift; sourceTree = "<group>"; };
		5E47D00C246BA2170042748F /* Base */ = {isa = PBXFileReference; lastKnownFileType = file.storyboard; name = Base; path = Base.lproj/Main.storyboard; sourceTree = "<group>"; };
		5E47D00E246BA21C0042748F /* Assets.xcassets */ = {isa = PBXFileReference; lastKnownFileType = folder.assetcatalog; path = Assets.xcassets; sourceTree = "<group>"; };
		5E47D011246BA21C0042748F /* Base */ = {isa = PBXFileReference; lastKnownFileType = file.storyboard; name = Base; path = Base.lproj/LaunchScreen.storyboard; sourceTree = "<group>"; };
		5E47D013246BA21C0042748F /* Info.plist */ = {isa = PBXFileReference; lastKnownFileType = text.plist.xml; path = Info.plist; sourceTree = "<group>"; };
		5E47D01A246BBA5F0042748F /* Flutter.xcconfig */ = {isa = PBXFileReference; lastKnownFileType = text.xcconfig; path = Flutter.xcconfig; sourceTree = "<group>"; };
		5E47D01B246BBC4D0042748F /* TableViewController.swift */ = {isa = PBXFileReference; lastKnownFileType = sourcecode.swift; path = TableViewController.swift; sourceTree = "<group>"; };
		5EA13C4E246BE7E9007D26D2 /* FlutterMixed-Bridging-Header.h */ = {isa = PBXFileReference; lastKnownFileType = sourcecode.c.h; path = "FlutterMixed-Bridging-Header.h"; sourceTree = "<group>"; };
		5EA13C4F246BE7E9007D26D2 /* CCTableViewController.h */ = {isa = PBXFileReference; lastKnownFileType = sourcecode.c.h; path = CCTableViewController.h; sourceTree = "<group>"; };
		5EA13C50246BE7E9007D26D2 /* CCTableViewController.m */ = {isa = PBXFileReference; lastKnownFileType = sourcecode.c.objc; path = CCTableViewController.m; sourceTree = "<group>"; };
		5EA13C52246BF2FF007D26D2 /* PlatformRouterImp.swift */ = {isa = PBXFileReference; lastKnownFileType = sourcecode.swift; path = PlatformRouterImp.swift; sourceTree = "<group>"; };
		6CB923D266CFDEAF5D5D1508 /* Pods-FlutterMixed.release.xcconfig */ = {isa = PBXFileReference; includeInIndex = 1; lastKnownFileType = text.xcconfig; name = "Pods-FlutterMixed.release.xcconfig"; path = "Target Support Files/Pods-FlutterMixed/Pods-FlutterMixed.release.xcconfig"; sourceTree = "<group>"; };
/* End PBXFileReference section */

/* Begin PBXFrameworksBuildPhase section */
		5E47CFFF246BA2170042748F /* Frameworks */ = {
			isa = PBXFrameworksBuildPhase;
			buildActionMask = 2147483647;
			files = (
				6E6A830ACB1C5AA609056002 /* Pods_FlutterMixed.framework in Frameworks */,
			);
			runOnlyForDeploymentPostprocessing = 0;
		};
/* End PBXFrameworksBuildPhase section */

/* Begin PBXGroup section */
		5E47CFF9246BA2170042748F = {
			isa = PBXGroup;
			children = (
				5E47D004246BA2170042748F /* FlutterMixed */,
				5E47D003246BA2170042748F /* Products */,
				EAEAEC5E9067C1762C7E203D /* Pods */,
				801ED1C51F654C6770F1BDCE /* Frameworks */,
			);
			sourceTree = "<group>";
		};
		5E47D003246BA2170042748F /* Products */ = {
			isa = PBXGroup;
			children = (
				5E47D002246BA2170042748F /* FlutterMixed.app */,
			);
			name = Products;
			sourceTree = "<group>";
		};
		5E47D004246BA2170042748F /* FlutterMixed */ = {
			isa = PBXGroup;
			children = (
				5E47D019246BA2430042748F /* Config */,
				5E47D005246BA2170042748F /* AppDelegate.swift */,
				5E47D007246BA2170042748F /* SceneDelegate.swift */,
				5E47D009246BA2170042748F /* ViewController.swift */,
				5E47D01B246BBC4D0042748F /* TableViewController.swift */,
				5EA13C4F246BE7E9007D26D2 /* CCTableViewController.h */,
				5EA13C50246BE7E9007D26D2 /* CCTableViewController.m */,
				5EA13C52246BF2FF007D26D2 /* PlatformRouterImp.swift */,
				5E47D00B246BA2170042748F /* Main.storyboard */,
				5E47D00E246BA21C0042748F /* Assets.xcassets */,
				5E47D010246BA21C0042748F /* LaunchScreen.storyboard */,
				5E47D013246BA21C0042748F /* Info.plist */,
				5EA13C4E246BE7E9007D26D2 /* FlutterMixed-Bridging-Header.h */,
			);
			path = FlutterMixed;
			sourceTree = "<group>";
		};
		5E47D019246BA2430042748F /* Config */ = {
			isa = PBXGroup;
			children = (
				5E47D01A246BBA5F0042748F /* Flutter.xcconfig */,
			);
			path = Config;
			sourceTree = "<group>";
		};
		801ED1C51F654C6770F1BDCE /* Frameworks */ = {
			isa = PBXGroup;
			children = (
				2F0935E8452CBA08A546E999 /* Pods_FlutterMixed.framework */,
			);
			name = Frameworks;
			sourceTree = "<group>";
		};
		EAEAEC5E9067C1762C7E203D /* Pods */ = {
			isa = PBXGroup;
			children = (
				2E1C7BDFDF996E89D74B9E79 /* Pods-FlutterMixed.debug.xcconfig */,
				6CB923D266CFDEAF5D5D1508 /* Pods-FlutterMixed.release.xcconfig */,
			);
			path = Pods;
			sourceTree = "<group>";
		};
/* End PBXGroup section */

/* Begin PBXNativeTarget section */
		5E47D001246BA2170042748F /* FlutterMixed */ = {
			isa = PBXNativeTarget;
			buildConfigurationList = 5E47D016246BA21C0042748F /* Build configuration list for PBXNativeTarget "FlutterMixed" */;
			buildPhases = (
				5005076C01DE3B5AD0FB445F /* [CP] Check Pods Manifest.lock */,
				5BB2813200D6685109778069 /* [CP-User] Run Flutter Build Script */,
				5E47CFFE246BA2170042748F /* Sources */,
				5E47CFFF246BA2170042748F /* Frameworks */,
				5E47D000246BA2170042748F /* Resources */,
				BC3E944BDF3775294A37EB80 /* [CP] Embed Pods Frameworks */,
			);
			buildRules = (
			);
			dependencies = (
			);
			name = FlutterMixed;
			productName = FlutterMixed;
			productReference = 5E47D002246BA2170042748F /* FlutterMixed.app */;
			productType = "com.apple.product-type.application";
		};
/* End PBXNativeTarget section */

/* Begin PBXProject section */
		5E47CFFA246BA2170042748F /* Project object */ = {
			isa = PBXProject;
			attributes = {
				LastSwiftUpdateCheck = 1140;
				LastUpgradeCheck = 1140;
				ORGANIZATIONNAME = ash;
				TargetAttributes = {
					5E47D001246BA2170042748F = {
						CreatedOnToolsVersion = 11.4.1;
						LastSwiftMigration = 1140;
					};
				};
			};
			buildConfigurationList = 5E47CFFD246BA2170042748F /* Build configuration list for PBXProject "FlutterMixed" */;
			compatibilityVersion = "Xcode 9.3";
			developmentRegion = en;
			hasScannedForEncodings = 0;
			knownRegions = (
				en,
				Base,
			);
			mainGroup = 5E47CFF9246BA2170042748F;
			productRefGroup = 5E47D003246BA2170042748F /* Products */;
			projectDirPath = "";
			projectRoot = "";
			targets = (
				5E47D001246BA2170042748F /* FlutterMixed */,
			);
		};
/* End PBXProject section */

/* Begin PBXResourcesBuildPhase section */
		5E47D000246BA2170042748F /* Resources */ = {
			isa = PBXResourcesBuildPhase;
			buildActionMask = 2147483647;
			files = (
				5E47D012246BA21C0042748F /* LaunchScreen.storyboard in Resources */,
				5E47D00F246BA21C0042748F /* Assets.xcassets in Resources */,
				5E47D00D246BA2170042748F /* Main.storyboard in Resources */,
			);
			runOnlyForDeploymentPostprocessing = 0;
		};
/* End PBXResourcesBuildPhase section */

/* Begin PBXShellScriptBuildPhase section */
		5005076C01DE3B5AD0FB445F /* [CP] Check Pods Manifest.lock */ = {
			isa = PBXShellScriptBuildPhase;
			buildActionMask = 2147483647;
			files = (
			);
			inputFileListPaths = (
			);
			inputPaths = (
				"${PODS_PODFILE_DIR_PATH}/Podfile.lock",
				"${PODS_ROOT}/Manifest.lock",
			);
			name = "[CP] Check Pods Manifest.lock";
			outputFileListPaths = (
			);
			outputPaths = (
				"$(DERIVED_FILE_DIR)/Pods-FlutterMixed-checkManifestLockResult.txt",
			);
			runOnlyForDeploymentPostprocessing = 0;
			shellPath = /bin/sh;
			shellScript = "diff \"${PODS_PODFILE_DIR_PATH}/Podfile.lock\" \"${PODS_ROOT}/Manifest.lock\" > /dev/null\nif [ $? != 0 ] ; then\n    # print error to STDERR\n    echo \"error: The sandbox is not in sync with the Podfile.lock. Run 'pod install' or update your CocoaPods installation.\" >&2\n    exit 1\nfi\n# This output is used by Xcode 'outputs' to avoid re-running this script phase.\necho \"SUCCESS\" > \"${SCRIPT_OUTPUT_FILE_0}\"\n";
			showEnvVarsInLog = 0;
		};
		5BB2813200D6685109778069 /* [CP-User] Run Flutter Build Script */ = {
			isa = PBXShellScriptBuildPhase;
			buildActionMask = 2147483647;
			files = (
			);
			inputPaths = (
				"${SRCROOT}/./flutter_module/.metadata",
				"${SRCROOT}/flutter_module/.ios/Flutter/App.framework/App",
				"${SRCROOT}/flutter_module/.ios/Flutter/engine/Flutter.framework/Flutter",
				"${SRCROOT}/flutter_module/.ios/Flutter/flutter_export_environment.sh",
			);
			name = "[CP-User] Run Flutter Build Script";
			runOnlyForDeploymentPostprocessing = 0;
			shellPath = /bin/sh;
			shellScript = "set -e\nset -u\nsource \"${SRCROOT}/flutter_module/.ios/Flutter/flutter_export_environment.sh\"\n\"$FLUTTER_ROOT\"/packages/flutter_tools/bin/xcode_backend.sh build";
		};
		BC3E944BDF3775294A37EB80 /* [CP] Embed Pods Frameworks */ = {
			isa = PBXShellScriptBuildPhase;
			buildActionMask = 2147483647;
			files = (
			);
			inputFileListPaths = (
				"${PODS_ROOT}/Target Support Files/Pods-FlutterMixed/Pods-FlutterMixed-frameworks-${CONFIGURATION}-input-files.xcfilelist",
			);
			name = "[CP] Embed Pods Frameworks";
			outputFileListPaths = (
				"${PODS_ROOT}/Target Support Files/Pods-FlutterMixed/Pods-FlutterMixed-frameworks-${CONFIGURATION}-output-files.xcfilelist",
			);
			runOnlyForDeploymentPostprocessing = 0;
			shellPath = /bin/sh;
			shellScript = "\"${PODS_ROOT}/Target Support Files/Pods-FlutterMixed/Pods-FlutterMixed-frameworks.sh\"\n";
			showEnvVarsInLog = 0;
		};
/* End PBXShellScriptBuildPhase section */

/* Begin PBXSourcesBuildPhase section */
		5E47CFFE246BA2170042748F /* Sources */ = {
			isa = PBXSourcesBuildPhase;
			buildActionMask = 2147483647;
			files = (
				5E47D00A246BA2170042748F /* ViewController.swift in Sources */,
				5E47D006246BA2170042748F /* AppDelegate.swift in Sources */,
				5EA13C53246BF2FF007D26D2 /* PlatformRouterImp.swift in Sources */,
				5E47D008246BA2170042748F /* SceneDelegate.swift in Sources */,
				5EA13C51246BE7E9007D26D2 /* CCTableViewController.m in Sources */,
				5E47D01C246BBC4D0042748F /* TableViewController.swift in Sources */,
			);
			runOnlyForDeploymentPostprocessing = 0;
		};
/* End PBXSourcesBuildPhase section */

/* Begin PBXVariantGroup section */
		5E47D00B246BA2170042748F /* Main.storyboard */ = {
			isa = PBXVariantGroup;
			children = (
				5E47D00C246BA2170042748F /* Base */,
			);
			name = Main.storyboard;
			sourceTree = "<group>";
		};
		5E47D010246BA21C0042748F /* LaunchScreen.storyboard */ = {
			isa = PBXVariantGroup;
			children = (
				5E47D011246BA21C0042748F /* Base */,
			);
			name = LaunchScreen.storyboard;
			sourceTree = "<group>";
		};
/* End PBXVariantGroup section */

/* Begin XCBuildConfiguration section */
		5E47D014246BA21C0042748F /* Debug */ = {
			isa = XCBuildConfiguration;
			buildSettings = {
				ALWAYS_SEARCH_USER_PATHS = NO;
				CLANG_ANALYZER_NONNULL = YES;
				CLANG_ANALYZER_NUMBER_OBJECT_CONVERSION = YES_AGGRESSIVE;
				CLANG_CXX_LANGUAGE_STANDARD = "gnu++14";
				CLANG_CXX_LIBRARY = "libc++";
				CLANG_ENABLE_MODULES = YES;
				CLANG_ENABLE_OBJC_ARC = YES;
				CLANG_ENABLE_OBJC_WEAK = YES;
				CLANG_WARN_BLOCK_CAPTURE_AUTORELEASING = YES;
				CLANG_WARN_BOOL_CONVERSION = YES;
				CLANG_WARN_COMMA = YES;
				CLANG_WARN_CONSTANT_CONVERSION = YES;
				CLANG_WARN_DEPRECATED_OBJC_IMPLEMENTATIONS = YES;
				CLANG_WARN_DIRECT_OBJC_ISA_USAGE = YES_ERROR;
				CLANG_WARN_DOCUMENTATION_COMMENTS = YES;
				CLANG_WARN_EMPTY_BODY = YES;
				CLANG_WARN_ENUM_CONVERSION = YES;
				CLANG_WARN_INFINITE_RECURSION = YES;
				CLANG_WARN_INT_CONVERSION = YES;
				CLANG_WARN_NON_LITERAL_NULL_CONVERSION = YES;
				CLANG_WARN_OBJC_IMPLICIT_RETAIN_SELF = YES;
				CLANG_WARN_OBJC_LITERAL_CONVERSION = YES;
				CLANG_WARN_OBJC_ROOT_CLASS = YES_ERROR;
				CLANG_WARN_RANGE_LOOP_ANALYSIS = YES;
				CLANG_WARN_STRICT_PROTOTYPES = YES;
				CLANG_WARN_SUSPICIOUS_MOVE = YES;
				CLANG_WARN_UNGUARDED_AVAILABILITY = YES_AGGRESSIVE;
				CLANG_WARN_UNREACHABLE_CODE = YES;
				CLANG_WARN__DUPLICATE_METHOD_MATCH = YES;
				COPY_PHASE_STRIP = NO;
				DEBUG_INFORMATION_FORMAT = dwarf;
				ENABLE_STRICT_OBJC_MSGSEND = YES;
				ENABLE_TESTABILITY = YES;
				GCC_C_LANGUAGE_STANDARD = gnu11;
				GCC_DYNAMIC_NO_PIC = NO;
				GCC_NO_COMMON_BLOCKS = YES;
				GCC_OPTIMIZATION_LEVEL = 0;
				GCC_PREPROCESSOR_DEFINITIONS = (
					"DEBUG=1",
					"$(inherited)",
				);
				GCC_WARN_64_TO_32_BIT_CONVERSION = YES;
				GCC_WARN_ABOUT_RETURN_TYPE = YES_ERROR;
				GCC_WARN_UNDECLARED_SELECTOR = YES;
				GCC_WARN_UNINITIALIZED_AUTOS = YES_AGGRESSIVE;
				GCC_WARN_UNUSED_FUNCTION = YES;
				GCC_WARN_UNUSED_VARIABLE = YES;
				IPHONEOS_DEPLOYMENT_TARGET = 13.4;
				MTL_ENABLE_DEBUG_INFO = INCLUDE_SOURCE;
				MTL_FAST_MATH = YES;
				ONLY_ACTIVE_ARCH = YES;
				SDKROOT = iphoneos;
				SWIFT_ACTIVE_COMPILATION_CONDITIONS = DEBUG;
				SWIFT_OPTIMIZATION_LEVEL = "-Onone";
			};
			name = Debug;
		};
		5E47D015246BA21C0042748F /* Release */ = {
			isa = XCBuildConfiguration;
			buildSettings = {
				ALWAYS_SEARCH_USER_PATHS = NO;
				CLANG_ANALYZER_NONNULL = YES;
				CLANG_ANALYZER_NUMBER_OBJECT_CONVERSION = YES_AGGRESSIVE;
				CLANG_CXX_LANGUAGE_STANDARD = "gnu++14";
				CLANG_CXX_LIBRARY = "libc++";
				CLANG_ENABLE_MODULES = YES;
				CLANG_ENABLE_OBJC_ARC = YES;
				CLANG_ENABLE_OBJC_WEAK = YES;
				CLANG_WARN_BLOCK_CAPTURE_AUTORELEASING = YES;
				CLANG_WARN_BOOL_CONVERSION = YES;
				CLANG_WARN_COMMA = YES;
				CLANG_WARN_CONSTANT_CONVERSION = YES;
				CLANG_WARN_DEPRECATED_OBJC_IMPLEMENTATIONS = YES;
				CLANG_WARN_DIRECT_OBJC_ISA_USAGE = YES_ERROR;
				CLANG_WARN_DOCUMENTATION_COMMENTS = YES;
				CLANG_WARN_EMPTY_BODY = YES;
				CLANG_WARN_ENUM_CONVERSION = YES;
				CLANG_WARN_INFINITE_RECURSION = YES;
				CLANG_WARN_INT_CONVERSION = YES;
				CLANG_WARN_NON_LITERAL_NULL_CONVERSION = YES;
				CLANG_WARN_OBJC_IMPLICIT_RETAIN_SELF = YES;
				CLANG_WARN_OBJC_LITERAL_CONVERSION = YES;
				CLANG_WARN_OBJC_ROOT_CLASS = YES_ERROR;
				CLANG_WARN_RANGE_LOOP_ANALYSIS = YES;
				CLANG_WARN_STRICT_PROTOTYPES = YES;
				CLANG_WARN_SUSPICIOUS_MOVE = YES;
				CLANG_WARN_UNGUARDED_AVAILABILITY = YES_AGGRESSIVE;
				CLANG_WARN_UNREACHABLE_CODE = YES;
				CLANG_WARN__DUPLICATE_METHOD_MATCH = YES;
				COPY_PHASE_STRIP = NO;
				DEBUG_INFORMATION_FORMAT = "dwarf-with-dsym";
				ENABLE_NS_ASSERTIONS = NO;
				ENABLE_STRICT_OBJC_MSGSEND = YES;
				GCC_C_LANGUAGE_STANDARD = gnu11;
				GCC_NO_COMMON_BLOCKS = YES;
				GCC_WARN_64_TO_32_BIT_CONVERSION = YES;
				GCC_WARN_ABOUT_RETURN_TYPE = YES_ERROR;
				GCC_WARN_UNDECLARED_SELECTOR = YES;
				GCC_WARN_UNINITIALIZED_AUTOS = YES_AGGRESSIVE;
				GCC_WARN_UNUSED_FUNCTION = YES;
				GCC_WARN_UNUSED_VARIABLE = YES;
				IPHONEOS_DEPLOYMENT_TARGET = 13.4;
				MTL_ENABLE_DEBUG_INFO = NO;
				MTL_FAST_MATH = YES;
				SDKROOT = iphoneos;
				SWIFT_COMPILATION_MODE = wholemodule;
				SWIFT_OPTIMIZATION_LEVEL = "-O";
				VALIDATE_PRODUCT = YES;
			};
			name = Release;
		};
		5E47D017246BA21C0042748F /* Debug */ = {
			isa = XCBuildConfiguration;
			baseConfigurationReference = 2E1C7BDFDF996E89D74B9E79 /* Pods-FlutterMixed.debug.xcconfig */;
			buildSettings = {
				ASSETCATALOG_COMPILER_APPICON_NAME = AppIcon;
				CLANG_ENABLE_MODULES = YES;
				CODE_SIGN_STYLE = Automatic;
				DEVELOPMENT_TEAM = T8H9ZZ4FNH;
				INFOPLIST_FILE = FlutterMixed/Info.plist;
				IPHONEOS_DEPLOYMENT_TARGET = 13.0;
				LD_RUNPATH_SEARCH_PATHS = (
					"$(inherited)",
					"@executable_path/Frameworks",
				);
				PRODUCT_BUNDLE_IDENTIFIER = ash.FlutterMixed;
				PRODUCT_NAME = "$(TARGET_NAME)";
				SWIFT_OBJC_BRIDGING_HEADER = "FlutterMixed/FlutterMixed-Bridging-Header.h";
				SWIFT_OPTIMIZATION_LEVEL = "-Onone";
				SWIFT_VERSION = 5.0;
				TARGETED_DEVICE_FAMILY = "1,2";
			};
			name = Debug;
		};
		5E47D018246BA21C0042748F /* Release */ = {
			isa = XCBuildConfiguration;
			baseConfigurationReference = 6CB923D266CFDEAF5D5D1508 /* Pods-FlutterMixed.release.xcconfig */;
			buildSettings = {
				ASSETCATALOG_COMPILER_APPICON_NAME = AppIcon;
				CLANG_ENABLE_MODULES = YES;
				CODE_SIGN_STYLE = Automatic;
				DEVELOPMENT_TEAM = T8H9ZZ4FNH;
				INFOPLIST_FILE = FlutterMixed/Info.plist;
				IPHONEOS_DEPLOYMENT_TARGET = 13.0;
				LD_RUNPATH_SEARCH_PATHS = (
					"$(inherited)",
					"@executable_path/Frameworks",
				);
				PRODUCT_BUNDLE_IDENTIFIER = ash.FlutterMixed;
				PRODUCT_NAME = "$(TARGET_NAME)";
				SWIFT_OBJC_BRIDGING_HEADER = "FlutterMixed/FlutterMixed-Bridging-Header.h";
				SWIFT_VERSION = 5.0;
				TARGETED_DEVICE_FAMILY = "1,2";
			};
			name = Release;
		};
/* End XCBuildConfiguration section */

/* Begin XCConfigurationList section */
		5E47CFFD246BA2170042748F /* Build configuration list for PBXProject "FlutterMixed" */ = {
			isa = XCConfigurationList;
			buildConfigurations = (
				5E47D014246BA21C0042748F /* Debug */,
				5E47D015246BA21C0042748F /* Release */,
			);
			defaultConfigurationIsVisible = 0;
			defaultConfigurationName = Release;
		};
		5E47D016246BA21C0042748F /* Build configuration list for PBXNativeTarget "FlutterMixed" */ = {
			isa = XCConfigurationList;
			buildConfigurations = (
				5E47D017246BA21C0042748F /* Debug */,
				5E47D018246BA21C0042748F /* Release */,
			);
			defaultConfigurationIsVisible = 0;
			defaultConfigurationName = Release;
		};
/* End XCConfigurationList section */
	};
	rootObject = 5E47CFFA246BA2170042748F /* Project object */;
}
